// !$*UTF8*$!
{
	archiveVersion = 1;
	classes = {
	};
	objectVersion = 51;
	objects = {

/* Begin PBXBuildFile section */
		94E4A7B8390BDC2BC4A7F0D5 /* Pods_FlixTests.framework in Frameworks */ = {isa = PBXBuildFile; fileRef = 513413CB32EC814D349F2AC5 /* Pods_FlixTests.framework */; };
		B6AC57D922C42BB200649A23 /* DetailsViewController.m in Sources */ = {isa = PBXBuildFile; fileRef = B6AC57D822C42BB200649A23 /* DetailsViewController.m */; };
		B6AC57DF22C44ADC00649A23 /* MoviesGridViewController.m in Sources */ = {isa = PBXBuildFile; fileRef = B6AC57DE22C44ADC00649A23 /* MoviesGridViewController.m */; };
		B6AE83F722C3EA9300ECCABD /* AppDelegate.m in Sources */ = {isa = PBXBuildFile; fileRef = B6AE83F622C3EA9300ECCABD /* AppDelegate.m */; };
		B6AE83FD22C3EA9300ECCABD /* Main.storyboard in Resources */ = {isa = PBXBuildFile; fileRef = B6AE83FB22C3EA9300ECCABD /* Main.storyboard */; };
		B6AE83FF22C3EA9400ECCABD /* Assets.xcassets in Resources */ = {isa = PBXBuildFile; fileRef = B6AE83FE22C3EA9400ECCABD /* Assets.xcassets */; };
		B6AE840222C3EA9400ECCABD /* LaunchScreen.storyboard in Resources */ = {isa = PBXBuildFile; fileRef = B6AE840022C3EA9400ECCABD /* LaunchScreen.storyboard */; };
		B6AE840522C3EA9400ECCABD /* main.m in Sources */ = {isa = PBXBuildFile; fileRef = B6AE840422C3EA9400ECCABD /* main.m */; };
		B6AE840F22C3EA9400ECCABD /* FlixTests.m in Sources */ = {isa = PBXBuildFile; fileRef = B6AE840E22C3EA9400ECCABD /* FlixTests.m */; };
		B6AE841A22C3EA9400ECCABD /* FlixUITests.m in Sources */ = {isa = PBXBuildFile; fileRef = B6AE841922C3EA9400ECCABD /* FlixUITests.m */; };
		B6AE842922C3F89F00ECCABD /* MoviesViewController.m in Sources */ = {isa = PBXBuildFile; fileRef = B6AE842822C3F89F00ECCABD /* MoviesViewController.m */; };
		B6AE842F22C4161E00ECCABD /* MovieCell.m in Sources */ = {isa = PBXBuildFile; fileRef = B6AE842E22C4161E00ECCABD /* MovieCell.m */; };
		BC8055D3AC928AFD99A93885 /* Pods_FlixUITests.framework in Frameworks */ = {isa = PBXBuildFile; fileRef = B49E98A5C6A6E67BBEC27221 /* Pods_FlixUITests.framework */; };
		E9AF05717AAACFFAD2AB1D55 /* Pods_Flix.framework in Frameworks */ = {isa = PBXBuildFile; fileRef = 39AB9391EB32AB5545FA0684 /* Pods_Flix.framework */; };
/* End PBXBuildFile section */

/* Begin PBXContainerItemProxy section */
		B6AE840B22C3EA9400ECCABD /* PBXContainerItemProxy */ = {
			isa = PBXContainerItemProxy;
			containerPortal = B6AE83EA22C3EA9300ECCABD /* Project object */;
			proxyType = 1;
			remoteGlobalIDString = B6AE83F122C3EA9300ECCABD;
			remoteInfo = Flix;
		};
		B6AE841622C3EA9400ECCABD /* PBXContainerItemProxy */ = {
			isa = PBXContainerItemProxy;
			containerPortal = B6AE83EA22C3EA9300ECCABD /* Project object */;
			proxyType = 1;
			remoteGlobalIDString = B6AE83F122C3EA9300ECCABD;
			remoteInfo = Flix;
		};
/* End PBXContainerItemProxy section */

/* Begin PBXFileReference section */
		39AB9391EB32AB5545FA0684 /* Pods_Flix.framework */ = {isa = PBXFileReference; explicitFileType = wrapper.framework; includeInIndex = 0; path = Pods_Flix.framework; sourceTree = BUILT_PRODUCTS_DIR; };
		513413CB32EC814D349F2AC5 /* Pods_FlixTests.framework */ = {isa = PBXFileReference; explicitFileType = wrapper.framework; includeInIndex = 0; path = Pods_FlixTests.framework; sourceTree = BUILT_PRODUCTS_DIR; };
		84E0B068BFBD399BE49201B9 /* Pods-Flix.release.xcconfig */ = {isa = PBXFileReference; includeInIndex = 1; lastKnownFileType = text.xcconfig; name = "Pods-Flix.release.xcconfig"; path = "Target Support Files/Pods-Flix/Pods-Flix.release.xcconfig"; sourceTree = "<group>"; };
		8703C6D5F1C2A46FECA58AF0 /* Pods-FlixUITests.debug.xcconfig */ = {isa = PBXFileReference; includeInIndex = 1; lastKnownFileType = text.xcconfig; name = "Pods-FlixUITests.debug.xcconfig"; path = "Target Support Files/Pods-FlixUITests/Pods-FlixUITests.debug.xcconfig"; sourceTree = "<group>"; };
		927AC744C58EB9DC0B794051 /* Pods-FlixTests.release.xcconfig */ = {isa = PBXFileReference; includeInIndex = 1; lastKnownFileType = text.xcconfig; name = "Pods-FlixTests.release.xcconfig"; path = "Target Support Files/Pods-FlixTests/Pods-FlixTests.release.xcconfig"; sourceTree = "<group>"; };
		B49E98A5C6A6E67BBEC27221 /* Pods_FlixUITests.framework */ = {isa = PBXFileReference; explicitFileType = wrapper.framework; includeInIndex = 0; path = Pods_FlixUITests.framework; sourceTree = BUILT_PRODUCTS_DIR; };
		B6AC57D722C42BB200649A23 /* DetailsViewController.h */ = {isa = PBXFileReference; lastKnownFileType = sourcecode.c.h; path = DetailsViewController.h; sourceTree = "<group>"; };
		B6AC57D822C42BB200649A23 /* DetailsViewController.m */ = {isa = PBXFileReference; lastKnownFileType = sourcecode.c.objc; path = DetailsViewController.m; sourceTree = "<group>"; };
		B6AC57DD22C44ADC00649A23 /* MoviesGridViewController.h */ = {isa = PBXFileReference; lastKnownFileType = sourcecode.c.h; path = MoviesGridViewController.h; sourceTree = "<group>"; };
		B6AC57DE22C44ADC00649A23 /* MoviesGridViewController.m */ = {isa = PBXFileReference; lastKnownFileType = sourcecode.c.objc; path = MoviesGridViewController.m; sourceTree = "<group>"; };
		B6AE83F222C3EA9300ECCABD /* Flix.app */ = {isa = PBXFileReference; explicitFileType = wrapper.application; includeInIndex = 0; path = Flix.app; sourceTree = BUILT_PRODUCTS_DIR; };
		B6AE83F522C3EA9300ECCABD /* AppDelegate.h */ = {isa = PBXFileReference; lastKnownFileType = sourcecode.c.h; path = AppDelegate.h; sourceTree = "<group>"; };
		B6AE83F622C3EA9300ECCABD /* AppDelegate.m */ = {isa = PBXFileReference; lastKnownFileType = sourcecode.c.objc; path = AppDelegate.m; sourceTree = "<group>"; };
		B6AE83FC22C3EA9300ECCABD /* Base */ = {isa = PBXFileReference; lastKnownFileType = file.storyboard; name = Base; path = Base.lproj/Main.storyboard; sourceTree = "<group>"; };
		B6AE83FE22C3EA9400ECCABD /* Assets.xcassets */ = {isa = PBXFileReference; lastKnownFileType = folder.assetcatalog; path = Assets.xcassets; sourceTree = "<group>"; };
		B6AE840122C3EA9400ECCABD /* Base */ = {isa = PBXFileReference; lastKnownFileType = file.storyboard; name = Base; path = Base.lproj/LaunchScreen.storyboard; sourceTree = "<group>"; };
		B6AE840322C3EA9400ECCABD /* Info.plist */ = {isa = PBXFileReference; lastKnownFileType = text.plist.xml; path = Info.plist; sourceTree = "<group>"; };
		B6AE840422C3EA9400ECCABD /* main.m */ = {isa = PBXFileReference; lastKnownFileType = sourcecode.c.objc; path = main.m; sourceTree = "<group>"; };
		B6AE840A22C3EA9400ECCABD /* FlixTests.xctest */ = {isa = PBXFileReference; explicitFileType = wrapper.cfbundle; includeInIndex = 0; path = FlixTests.xctest; sourceTree = BUILT_PRODUCTS_DIR; };
		B6AE840E22C3EA9400ECCABD /* FlixTests.m */ = {isa = PBXFileReference; lastKnownFileType = sourcecode.c.objc; path = FlixTests.m; sourceTree = "<group>"; };
		B6AE841022C3EA9400ECCABD /* Info.plist */ = {isa = PBXFileReference; lastKnownFileType = text.plist.xml; path = Info.plist; sourceTree = "<group>"; };
		B6AE841522C3EA9400ECCABD /* FlixUITests.xctest */ = {isa = PBXFileReference; explicitFileType = wrapper.cfbundle; includeInIndex = 0; path = FlixUITests.xctest; sourceTree = BUILT_PRODUCTS_DIR; };
		B6AE841922C3EA9400ECCABD /* FlixUITests.m */ = {isa = PBXFileReference; lastKnownFileType = sourcecode.c.objc; path = FlixUITests.m; sourceTree = "<group>"; };
		B6AE841B22C3EA9400ECCABD /* Info.plist */ = {isa = PBXFileReference; lastKnownFileType = text.plist.xml; path = Info.plist; sourceTree = "<group>"; };
		B6AE842722C3F89F00ECCABD /* MoviesViewController.h */ = {isa = PBXFileReference; lastKnownFileType = sourcecode.c.h; path = MoviesViewController.h; sourceTree = "<group>"; };
		B6AE842822C3F89F00ECCABD /* MoviesViewController.m */ = {isa = PBXFileReference; lastKnownFileType = sourcecode.c.objc; path = MoviesViewController.m; sourceTree = "<group>"; };
		B6AE842D22C4161E00ECCABD /* MovieCell.h */ = {isa = PBXFileReference; lastKnownFileType = sourcecode.c.h; path = MovieCell.h; sourceTree = "<group>"; };
		B6AE842E22C4161E00ECCABD /* MovieCell.m */ = {isa = PBXFileReference; lastKnownFileType = sourcecode.c.objc; path = MovieCell.m; sourceTree = "<group>"; };
		C1027EDC41F356BE2E34A4EA /* Pods-FlixUITests.release.xcconfig */ = {isa = PBXFileReference; includeInIndex = 1; lastKnownFileType = text.xcconfig; name = "Pods-FlixUITests.release.xcconfig"; path = "Target Support Files/Pods-FlixUITests/Pods-FlixUITests.release.xcconfig"; sourceTree = "<group>"; };
		E2E51B520E44671D092A15EB /* Pods-FlixTests.debug.xcconfig */ = {isa = PBXFileReference; includeInIndex = 1; lastKnownFileType = text.xcconfig; name = "Pods-FlixTests.debug.xcconfig"; path = "Target Support Files/Pods-FlixTests/Pods-FlixTests.debug.xcconfig"; sourceTree = "<group>"; };
		EA0D54E2850FC359D60D1102 /* Pods-Flix.debug.xcconfig */ = {isa = PBXFileReference; includeInIndex = 1; lastKnownFileType = text.xcconfig; name = "Pods-Flix.debug.xcconfig"; path = "Target Support Files/Pods-Flix/Pods-Flix.debug.xcconfig"; sourceTree = "<group>"; };
/* End PBXFileReference section */

/* Begin PBXFrameworksBuildPhase section */
		B6AE83EF22C3EA9300ECCABD /* Frameworks */ = {
			isa = PBXFrameworksBuildPhase;
			buildActionMask = 2147483647;
			files = (
				E9AF05717AAACFFAD2AB1D55 /* Pods_Flix.framework in Frameworks */,
			);
			runOnlyForDeploymentPostprocessing = 0;
		};
		B6AE840722C3EA9400ECCABD /* Frameworks */ = {
			isa = PBXFrameworksBuildPhase;
			buildActionMask = 2147483647;
			files = (
				94E4A7B8390BDC2BC4A7F0D5 /* Pods_FlixTests.framework in Frameworks */,
			);
			runOnlyForDeploymentPostprocessing = 0;
		};
		B6AE841222C3EA9400ECCABD /* Frameworks */ = {
			isa = PBXFrameworksBuildPhase;
			buildActionMask = 2147483647;
			files = (
				BC8055D3AC928AFD99A93885 /* Pods_FlixUITests.framework in Frameworks */,
			);
			runOnlyForDeploymentPostprocessing = 0;
		};
/* End PBXFrameworksBuildPhase section */

/* Begin PBXGroup section */
		07608F9F7240D7CC8A218D70 /* Frameworks */ = {
			isa = PBXGroup;
			children = (
				39AB9391EB32AB5545FA0684 /* Pods_Flix.framework */,
				513413CB32EC814D349F2AC5 /* Pods_FlixTests.framework */,
				B49E98A5C6A6E67BBEC27221 /* Pods_FlixUITests.framework */,
			);
			name = Frameworks;
			sourceTree = "<group>";
		};
		B6AE83E922C3EA9300ECCABD = {
			isa = PBXGroup;
			children = (
				B6AE83F422C3EA9300ECCABD /* Flix */,
				B6AE840D22C3EA9400ECCABD /* FlixTests */,
				B6AE841822C3EA9400ECCABD /* FlixUITests */,
				B6AE83F322C3EA9300ECCABD /* Products */,
				C004A89A7A0DD7852C09D796 /* Pods */,
				07608F9F7240D7CC8A218D70 /* Frameworks */,
			);
			sourceTree = "<group>";
		};
		B6AE83F322C3EA9300ECCABD /* Products */ = {
			isa = PBXGroup;
			children = (
				B6AE83F222C3EA9300ECCABD /* Flix.app */,
				B6AE840A22C3EA9400ECCABD /* FlixTests.xctest */,
				B6AE841522C3EA9400ECCABD /* FlixUITests.xctest */,
			);
			name = Products;
			sourceTree = "<group>";
		};
		B6AE83F422C3EA9300ECCABD /* Flix */ = {
			isa = PBXGroup;
			children = (
				B6AE842C22C3FACA00ECCABD /* Models */,
				B6AE842B22C3FAC400ECCABD /* Views */,
				B6AE842A22C3FABA00ECCABD /* View Controllers */,
				B6AE83F522C3EA9300ECCABD /* AppDelegate.h */,
				B6AE83F622C3EA9300ECCABD /* AppDelegate.m */,
				B6AE83FB22C3EA9300ECCABD /* Main.storyboard */,
				B6AE83FE22C3EA9400ECCABD /* Assets.xcassets */,
				B6AE840022C3EA9400ECCABD /* LaunchScreen.storyboard */,
				B6AE840322C3EA9400ECCABD /* Info.plist */,
				B6AE840422C3EA9400ECCABD /* main.m */,
			);
			path = Flix;
			sourceTree = "<group>";
		};
		B6AE840D22C3EA9400ECCABD /* FlixTests */ = {
			isa = PBXGroup;
			children = (
				B6AE840E22C3EA9400ECCABD /* FlixTests.m */,
				B6AE841022C3EA9400ECCABD /* Info.plist */,
			);
			path = FlixTests;
			sourceTree = "<group>";
		};
		B6AE841822C3EA9400ECCABD /* FlixUITests */ = {
			isa = PBXGroup;
			children = (
				B6AE841922C3EA9400ECCABD /* FlixUITests.m */,
				B6AE841B22C3EA9400ECCABD /* Info.plist */,
			);
			path = FlixUITests;
			sourceTree = "<group>";
		};
		B6AE842A22C3FABA00ECCABD /* View Controllers */ = {
			isa = PBXGroup;
			children = (
				B6AE842722C3F89F00ECCABD /* MoviesViewController.h */,
				B6AE842822C3F89F00ECCABD /* MoviesViewController.m */,
				B6AC57D722C42BB200649A23 /* DetailsViewController.h */,
				B6AC57D822C42BB200649A23 /* DetailsViewController.m */,
				B6AC57DD22C44ADC00649A23 /* MoviesGridViewController.h */,
				B6AC57DE22C44ADC00649A23 /* MoviesGridViewController.m */,
			);
			path = "View Controllers";
			sourceTree = "<group>";
		};
		B6AE842B22C3FAC400ECCABD /* Views */ = {
			isa = PBXGroup;
			children = (
				B6AE842D22C4161E00ECCABD /* MovieCell.h */,
				B6AE842E22C4161E00ECCABD /* MovieCell.m */,
			);
			path = Views;
			sourceTree = "<group>";
		};
		B6AE842C22C3FACA00ECCABD /* Models */ = {
			isa = PBXGroup;
			children = (
			);
			path = Models;
			sourceTree = "<group>";
		};
		C004A89A7A0DD7852C09D796 /* Pods */ = {
			isa = PBXGroup;
			children = (
				EA0D54E2850FC359D60D1102 /* Pods-Flix.debug.xcconfig */,
				84E0B068BFBD399BE49201B9 /* Pods-Flix.release.xcconfig */,
				E2E51B520E44671D092A15EB /* Pods-FlixTests.debug.xcconfig */,
				927AC744C58EB9DC0B794051 /* Pods-FlixTests.release.xcconfig */,
				8703C6D5F1C2A46FECA58AF0 /* Pods-FlixUITests.debug.xcconfig */,
				C1027EDC41F356BE2E34A4EA /* Pods-FlixUITests.release.xcconfig */,
			);
			path = Pods;
			sourceTree = "<group>";
		};
/* End PBXGroup section */

/* Begin PBXNativeTarget section */
		B6AE83F122C3EA9300ECCABD /* Flix */ = {
			isa = PBXNativeTarget;
			buildConfigurationList = B6AE841E22C3EA9400ECCABD /* Build configuration list for PBXNativeTarget "Flix" */;
			buildPhases = (
				A6322280B9E3A6D0D61241F8 /* [CP] Check Pods Manifest.lock */,
				B6AE83EE22C3EA9300ECCABD /* Sources */,
				B6AE83EF22C3EA9300ECCABD /* Frameworks */,
				B6AE83F022C3EA9300ECCABD /* Resources */,
				27F38898DDFB36D54F5731B2 /* [CP] Embed Pods Frameworks */,
			);
			buildRules = (
			);
			dependencies = (
			);
			name = Flix;
			productName = Flix;
			productReference = B6AE83F222C3EA9300ECCABD /* Flix.app */;
			productType = "com.apple.product-type.application";
		};
		B6AE840922C3EA9400ECCABD /* FlixTests */ = {
			isa = PBXNativeTarget;
			buildConfigurationList = B6AE842122C3EA9400ECCABD /* Build configuration list for PBXNativeTarget "FlixTests" */;
			buildPhases = (
				8F443A8788352A8BD53C3E23 /* [CP] Check Pods Manifest.lock */,
				B6AE840622C3EA9400ECCABD /* Sources */,
				B6AE840722C3EA9400ECCABD /* Frameworks */,
				B6AE840822C3EA9400ECCABD /* Resources */,
			);
			buildRules = (
			);
			dependencies = (
				B6AE840C22C3EA9400ECCABD /* PBXTargetDependency */,
			);
			name = FlixTests;
			productName = FlixTests;
			productReference = B6AE840A22C3EA9400ECCABD /* FlixTests.xctest */;
			productType = "com.apple.product-type.bundle.unit-test";
		};
		B6AE841422C3EA9400ECCABD /* FlixUITests */ = {
			isa = PBXNativeTarget;
			buildConfigurationList = B6AE842422C3EA9400ECCABD /* Build configuration list for PBXNativeTarget "FlixUITests" */;
			buildPhases = (
				0B99F7E06C66A88B0BE49A77 /* [CP] Check Pods Manifest.lock */,
				B6AE841122C3EA9400ECCABD /* Sources */,
				B6AE841222C3EA9400ECCABD /* Frameworks */,
				B6AE841322C3EA9400ECCABD /* Resources */,
			);
			buildRules = (
			);
			dependencies = (
				B6AE841722C3EA9400ECCABD /* PBXTargetDependency */,
			);
			name = FlixUITests;
			productName = FlixUITests;
			productReference = B6AE841522C3EA9400ECCABD /* FlixUITests.xctest */;
			productType = "com.apple.product-type.bundle.ui-testing";
		};
/* End PBXNativeTarget section */

/* Begin PBXProject section */
		B6AE83EA22C3EA9300ECCABD /* Project object */ = {
			isa = PBXProject;
			attributes = {
				LastUpgradeCheck = 1020;
				ORGANIZATIONNAME = taylorka;
				TargetAttributes = {
					B6AE83F122C3EA9300ECCABD = {
						CreatedOnToolsVersion = 10.2.1;
					};
					B6AE840922C3EA9400ECCABD = {
						CreatedOnToolsVersion = 10.2.1;
						TestTargetID = B6AE83F122C3EA9300ECCABD;
					};
					B6AE841422C3EA9400ECCABD = {
						CreatedOnToolsVersion = 10.2.1;
						TestTargetID = B6AE83F122C3EA9300ECCABD;
					};
				};
			};
			buildConfigurationList = B6AE83ED22C3EA9300ECCABD /* Build configuration list for PBXProject "Flix" */;
			compatibilityVersion = "Xcode 9.3";
			developmentRegion = en;
			hasScannedForEncodings = 0;
			knownRegions = (
				en,
				Base,
			);
			mainGroup = B6AE83E922C3EA9300ECCABD;
			productRefGroup = B6AE83F322C3EA9300ECCABD /* Products */;
			projectDirPath = "";
			projectRoot = "";
			targets = (
				B6AE83F122C3EA9300ECCABD /* Flix */,
				B6AE840922C3EA9400ECCABD /* FlixTests */,
				B6AE841422C3EA9400ECCABD /* FlixUITests */,
			);
		};
/* End PBXProject section */

/* Begin PBXResourcesBuildPhase section */
		B6AE83F022C3EA9300ECCABD /* Resources */ = {
			isa = PBXResourcesBuildPhase;
			buildActionMask = 2147483647;
			files = (
				B6AE840222C3EA9400ECCABD /* LaunchScreen.storyboard in Resources */,
				B6AE83FF22C3EA9400ECCABD /* Assets.xcassets in Resources */,
				B6AE83FD22C3EA9300ECCABD /* Main.storyboard in Resources */,
			);
			runOnlyForDeploymentPostprocessing = 0;
		};
		B6AE840822C3EA9400ECCABD /* Resources */ = {
			isa = PBXResourcesBuildPhase;
			buildActionMask = 2147483647;
			files = (
			);
			runOnlyForDeploymentPostprocessing = 0;
		};
		B6AE841322C3EA9400ECCABD /* Resources */ = {
			isa = PBXResourcesBuildPhase;
			buildActionMask = 2147483647;
			files = (
			);
			runOnlyForDeploymentPostprocessing = 0;
		};
/* End PBXResourcesBuildPhase section */

/* Begin PBXShellScriptBuildPhase section */
		0B99F7E06C66A88B0BE49A77 /* [CP] Check Pods Manifest.lock */ = {
			isa = PBXShellScriptBuildPhase;
			buildActionMask = 2147483647;
			files = (
			);
			inputFileListPaths = (
			);
			inputPaths = (
				"${PODS_PODFILE_DIR_PATH}/Podfile.lock",
				"${PODS_ROOT}/Manifest.lock",
			);
			name = "[CP] Check Pods Manifest.lock";
			outputFileListPaths = (
			);
			outputPaths = (
				"$(DERIVED_FILE_DIR)/Pods-FlixUITests-checkManifestLockResult.txt",
			);
			runOnlyForDeploymentPostprocessing = 0;
			shellPath = /bin/sh;
			shellScript = "diff \"${PODS_PODFILE_DIR_PATH}/Podfile.lock\" \"${PODS_ROOT}/Manifest.lock\" > /dev/null\nif [ $? != 0 ] ; then\n    # print error to STDERR\n    echo \"error: The sandbox is not in sync with the Podfile.lock. Run 'pod install' or update your CocoaPods installation.\" >&2\n    exit 1\nfi\n# This output is used by Xcode 'outputs' to avoid re-running this script phase.\necho \"SUCCESS\" > \"${SCRIPT_OUTPUT_FILE_0}\"\n";
			showEnvVarsInLog = 0;
		};
		27F38898DDFB36D54F5731B2 /* [CP] Embed Pods Frameworks */ = {
			isa = PBXShellScriptBuildPhase;
			buildActionMask = 2147483647;
			files = (
			);
			inputFileListPaths = (
				"${PODS_ROOT}/Target Support Files/Pods-Flix/Pods-Flix-frameworks-${CONFIGURATION}-input-files.xcfilelist",
			);
			name = "[CP] Embed Pods Frameworks";
			outputFileListPaths = (
				"${PODS_ROOT}/Target Support Files/Pods-Flix/Pods-Flix-frameworks-${CONFIGURATION}-output-files.xcfilelist",
			);
			runOnlyForDeploymentPostprocessing = 0;
			shellPath = /bin/sh;
			shellScript = "\"${PODS_ROOT}/Target Support Files/Pods-Flix/Pods-Flix-frameworks.sh\"\n";
			showEnvVarsInLog = 0;
		};
		8F443A8788352A8BD53C3E23 /* [CP] Check Pods Manifest.lock */ = {
			isa = PBXShellScriptBuildPhase;
			buildActionMask = 2147483647;
			files = (
			);
			inputFileListPaths = (
			);
			inputPaths = (
				"${PODS_PODFILE_DIR_PATH}/Podfile.lock",
				"${PODS_ROOT}/Manifest.lock",
			);
			name = "[CP] Check Pods Manifest.lock";
			outputFileListPaths = (
			);
			outputPaths = (
				"$(DERIVED_FILE_DIR)/Pods-FlixTests-checkManifestLockResult.txt",
			);
			runOnlyForDeploymentPostprocessing = 0;
			shellPath = /bin/sh;
			shellScript = "diff \"${PODS_PODFILE_DIR_PATH}/Podfile.lock\" \"${PODS_ROOT}/Manifest.lock\" > /dev/null\nif [ $? != 0 ] ; then\n    # print error to STDERR\n    echo \"error: The sandbox is not in sync with the Podfile.lock. Run 'pod install' or update your CocoaPods installation.\" >&2\n    exit 1\nfi\n# This output is used by Xcode 'outputs' to avoid re-running this script phase.\necho \"SUCCESS\" > \"${SCRIPT_OUTPUT_FILE_0}\"\n";
			showEnvVarsInLog = 0;
		};
		A6322280B9E3A6D0D61241F8 /* [CP] Check Pods Manifest.lock */ = {
			isa = PBXShellScriptBuildPhase;
			buildActionMask = 2147483647;
			files = (
			);
			inputFileListPaths = (
			);
			inputPaths = (
				"${PODS_PODFILE_DIR_PATH}/Podfile.lock",
				"${PODS_ROOT}/Manifest.lock",
			);
			name = "[CP] Check Pods Manifest.lock";
			outputFileListPaths = (
			);
			outputPaths = (
				"$(DERIVED_FILE_DIR)/Pods-Flix-checkManifestLockResult.txt",
			);
			runOnlyForDeploymentPostprocessing = 0;
			shellPath = /bin/sh;
			shellScript = "diff \"${PODS_PODFILE_DIR_PATH}/Podfile.lock\" \"${PODS_ROOT}/Manifest.lock\" > /dev/null\nif [ $? != 0 ] ; then\n    # print error to STDERR\n    echo \"error: The sandbox is not in sync with the Podfile.lock. Run 'pod install' or update your CocoaPods installation.\" >&2\n    exit 1\nfi\n# This output is used by Xcode 'outputs' to avoid re-running this script phase.\necho \"SUCCESS\" > \"${SCRIPT_OUTPUT_FILE_0}\"\n";
			showEnvVarsInLog = 0;
		};
/* End PBXShellScriptBuildPhase section */

/* Begin PBXSourcesBuildPhase section */
		B6AE83EE22C3EA9300ECCABD /* Sources */ = {
			isa = PBXSourcesBuildPhase;
			buildActionMask = 2147483647;
			files = (
				B6AE840522C3EA9400ECCABD /* main.m in Sources */,
				B6AC57D922C42BB200649A23 /* DetailsViewController.m in Sources */,
				B6AE83F722C3EA9300ECCABD /* AppDelegate.m in Sources */,
				B6AE842F22C4161E00ECCABD /* MovieCell.m in Sources */,
				B6AE842922C3F89F00ECCABD /* MoviesViewController.m in Sources */,
				B6AC57DF22C44ADC00649A23 /* MoviesGridViewController.m in Sources */,
			);
			runOnlyForDeploymentPostprocessing = 0;
		};
		B6AE840622C3EA9400ECCABD /* Sources */ = {
			isa = PBXSourcesBuildPhase;
			buildActionMask = 2147483647;
			files = (
				B6AE840F22C3EA9400ECCABD /* FlixTests.m in Sources */,
			);
			runOnlyForDeploymentPostprocessing = 0;
		};
		B6AE841122C3EA9400ECCABD /* Sources */ = {
			isa = PBXSourcesBuildPhase;
			buildActionMask = 2147483647;
			files = (
				B6AE841A22C3EA9400ECCABD /* FlixUITests.m in Sources */,
			);
			runOnlyForDeploymentPostprocessing = 0;
		};
/* End PBXSourcesBuildPhase section */

/* Begin PBXTargetDependency section */
		B6AE840C22C3EA9400ECCABD /* PBXTargetDependency */ = {
			isa = PBXTargetDependency;
			target = B6AE83F122C3EA9300ECCABD /* Flix */;
			targetProxy = B6AE840B22C3EA9400ECCABD /* PBXContainerItemProxy */;
		};
		B6AE841722C3EA9400ECCABD /* PBXTargetDependency */ = {
			isa = PBXTargetDependency;
			target = B6AE83F122C3EA9300ECCABD /* Flix */;
			targetProxy = B6AE841622C3EA9400ECCABD /* PBXContainerItemProxy */;
		};
/* End PBXTargetDependency section */

/* Begin PBXVariantGroup section */
		B6AE83FB22C3EA9300ECCABD /* Main.storyboard */ = {
			isa = PBXVariantGroup;
			children = (
				B6AE83FC22C3EA9300ECCABD /* Base */,
			);
			name = Main.storyboard;
			sourceTree = "<group>";
		};
		B6AE840022C3EA9400ECCABD /* LaunchScreen.storyboard */ = {
			isa = PBXVariantGroup;
			children = (
				B6AE840122C3EA9400ECCABD /* Base */,
			);
			name = LaunchScreen.storyboard;
			sourceTree = "<group>";
		};
/* End PBXVariantGroup section */

/* Begin XCBuildConfiguration section */
		B6AE841C22C3EA9400ECCABD /* Debug */ = {
			isa = XCBuildConfiguration;
			buildSettings = {
				ALWAYS_SEARCH_USER_PATHS = NO;
				CLANG_ANALYZER_NONNULL = YES;
				CLANG_ANALYZER_NUMBER_OBJECT_CONVERSION = YES_AGGRESSIVE;
				CLANG_CXX_LANGUAGE_STANDARD = "gnu++14";
				CLANG_CXX_LIBRARY = "libc++";
				CLANG_ENABLE_MODULES = YES;
				CLANG_ENABLE_OBJC_ARC = YES;
				CLANG_ENABLE_OBJC_WEAK = YES;
				CLANG_WARN_BLOCK_CAPTURE_AUTORELEASING = YES;
				CLANG_WARN_BOOL_CONVERSION = YES;
				CLANG_WARN_COMMA = YES;
				CLANG_WARN_CONSTANT_CONVERSION = YES;
				CLANG_WARN_DEPRECATED_OBJC_IMPLEMENTATIONS = YES;
				CLANG_WARN_DIRECT_OBJC_ISA_USAGE = YES_ERROR;
				CLANG_WARN_DOCUMENTATION_COMMENTS = YES;
				CLANG_WARN_EMPTY_BODY = YES;
				CLANG_WARN_ENUM_CONVERSION = YES;
				CLANG_WARN_INFINITE_RECURSION = YES;
				CLANG_WARN_INT_CONVERSION = YES;
				CLANG_WARN_NON_LITERAL_NULL_CONVERSION = YES;
				CLANG_WARN_OBJC_IMPLICIT_RETAIN_SELF = YES;
				CLANG_WARN_OBJC_LITERAL_CONVERSION = YES;
				CLANG_WARN_OBJC_ROOT_CLASS = YES_ERROR;
				CLANG_WARN_RANGE_LOOP_ANALYSIS = YES;
				CLANG_WARN_STRICT_PROTOTYPES = YES;
				CLANG_WARN_SUSPICIOUS_MOVE = YES;
				CLANG_WARN_UNGUARDED_AVAILABILITY = YES_AGGRESSIVE;
				CLANG_WARN_UNREACHABLE_CODE = YES;
				CLANG_WARN__DUPLICATE_METHOD_MATCH = YES;
				CODE_SIGN_IDENTITY = "iPhone Developer";
				COPY_PHASE_STRIP = NO;
				DEBUG_INFORMATION_FORMAT = dwarf;
				ENABLE_STRICT_OBJC_MSGSEND = YES;
				ENABLE_TESTABILITY = YES;
				GCC_C_LANGUAGE_STANDARD = gnu11;
				GCC_DYNAMIC_NO_PIC = NO;
				GCC_NO_COMMON_BLOCKS = YES;
				GCC_OPTIMIZATION_LEVEL = 0;
				GCC_PREPROCESSOR_DEFINITIONS = (
					"DEBUG=1",
					"$(inherited)",
				);
				GCC_WARN_64_TO_32_BIT_CONVERSION = YES;
				GCC_WARN_ABOUT_RETURN_TYPE = YES_ERROR;
				GCC_WARN_UNDECLARED_SELECTOR = YES;
				GCC_WARN_UNINITIALIZED_AUTOS = YES_AGGRESSIVE;
				GCC_WARN_UNUSED_FUNCTION = YES;
				GCC_WARN_UNUSED_VARIABLE = YES;
				IPHONEOS_DEPLOYMENT_TARGET = 12.2;
				MTL_ENABLE_DEBUG_INFO = INCLUDE_SOURCE;
				MTL_FAST_MATH = YES;
				ONLY_ACTIVE_ARCH = YES;
				SDKROOT = iphoneos;
			};
			name = Debug;
		};
		B6AE841D22C3EA9400ECCABD /* Release */ = {
			isa = XCBuildConfiguration;
			buildSettings = {
				ALWAYS_SEARCH_USER_PATHS = NO;
				CLANG_ANALYZER_NONNULL = YES;
				CLANG_ANALYZER_NUMBER_OBJECT_CONVERSION = YES_AGGRESSIVE;
				CLANG_CXX_LANGUAGE_STANDARD = "gnu++14";
				CLANG_CXX_LIBRARY = "libc++";
				CLANG_ENABLE_MODULES = YES;
				CLANG_ENABLE_OBJC_ARC = YES;
				CLANG_ENABLE_OBJC_WEAK = YES;
				CLANG_WARN_BLOCK_CAPTURE_AUTORELEASING = YES;
				CLANG_WARN_BOOL_CONVERSION = YES;
				CLANG_WARN_COMMA = YES;
				CLANG_WARN_CONSTANT_CONVERSION = YES;
				CLANG_WARN_DEPRECATED_OBJC_IMPLEMENTATIONS = YES;
				CLANG_WARN_DIRECT_OBJC_ISA_USAGE = YES_ERROR;
				CLANG_WARN_DOCUMENTATION_COMMENTS = YES;
				CLANG_WARN_EMPTY_BODY = YES;
				CLANG_WARN_ENUM_CONVERSION = YES;
				CLANG_WARN_INFINITE_RECURSION = YES;
				CLANG_WARN_INT_CONVERSION = YES;
				CLANG_WARN_NON_LITERAL_NULL_CONVERSION = YES;
				CLANG_WARN_OBJC_IMPLICIT_RETAIN_SELF = YES;
				CLANG_WARN_OBJC_LITERAL_CONVERSION = YES;
				CLANG_WARN_OBJC_ROOT_CLASS = YES_ERROR;
				CLANG_WARN_RANGE_LOOP_ANALYSIS = YES;
				CLANG_WARN_STRICT_PROTOTYPES = YES;
				CLANG_WARN_SUSPICIOUS_MOVE = YES;
				CLANG_WARN_UNGUARDED_AVAILABILITY = YES_AGGRESSIVE;
				CLANG_WARN_UNREACHABLE_CODE = YES;
				CLANG_WARN__DUPLICATE_METHOD_MATCH = YES;
				CODE_SIGN_IDENTITY = "iPhone Developer";
				COPY_PHASE_STRIP = NO;
				DEBUG_INFORMATION_FORMAT = "dwarf-with-dsym";
				ENABLE_NS_ASSERTIONS = NO;
				ENABLE_STRICT_OBJC_MSGSEND = YES;
				GCC_C_LANGUAGE_STANDARD = gnu11;
				GCC_NO_COMMON_BLOCKS = YES;
				GCC_WARN_64_TO_32_BIT_CONVERSION = YES;
				GCC_WARN_ABOUT_RETURN_TYPE = YES_ERROR;
				GCC_WARN_UNDECLARED_SELECTOR = YES;
				GCC_WARN_UNINITIALIZED_AUTOS = YES_AGGRESSIVE;
				GCC_WARN_UNUSED_FUNCTION = YES;
				GCC_WARN_UNUSED_VARIABLE = YES;
				IPHONEOS_DEPLOYMENT_TARGET = 12.2;
				MTL_ENABLE_DEBUG_INFO = NO;
				MTL_FAST_MATH = YES;
				SDKROOT = iphoneos;
				VALIDATE_PRODUCT = YES;
			};
			name = Release;
		};
		B6AE841F22C3EA9400ECCABD /* Debug */ = {
			isa = XCBuildConfiguration;
			baseConfigurationReference = EA0D54E2850FC359D60D1102 /* Pods-Flix.debug.xcconfig */;
			buildSettings = {
				ASSETCATALOG_COMPILER_APPICON_NAME = AppIcon;
				CODE_SIGN_STYLE = Automatic;
				DEVELOPMENT_TEAM = N84J598XL5;
				INFOPLIST_FILE = Flix/Info.plist;
				LD_RUNPATH_SEARCH_PATHS = (
					"$(inherited)",
					"@executable_path/Frameworks",
				);
				PRODUCT_BUNDLE_IDENTIFIER = com.taylorka.Flix;
				PRODUCT_NAME = "$(TARGET_NAME)";
				TARGETED_DEVICE_FAMILY = "1,2";
			};
			name = Debug;
		};
		B6AE842022C3EA9400ECCABD /* Release */ = {
			isa = XCBuildConfiguration;
			baseConfigurationReference = 84E0B068BFBD399BE49201B9 /* Pods-Flix.release.xcconfig */;
			buildSettings = {
				ASSETCATALOG_COMPILER_APPICON_NAME = AppIcon;
				CODE_SIGN_STYLE = Automatic;
				DEVELOPMENT_TEAM = N84J598XL5;
				INFOPLIST_FILE = Flix/Info.plist;
				LD_RUNPATH_SEARCH_PATHS = (
					"$(inherited)",
					"@executable_path/Frameworks",
				);
				PRODUCT_BUNDLE_IDENTIFIER = com.taylorka.Flix;
				PRODUCT_NAME = "$(TARGET_NAME)";
				TARGETED_DEVICE_FAMILY = "1,2";
			};
			name = Release;
		};
		B6AE842222C3EA9400ECCABD /* Debug */ = {
			isa = XCBuildConfiguration;
			baseConfigurationReference = E2E51B520E44671D092A15EB /* Pods-FlixTests.debug.xcconfig */;
			buildSettings = {
				BUNDLE_LOADER = "$(TEST_HOST)";
				CODE_SIGN_STYLE = Automatic;
				DEVELOPMENT_TEAM = N84J598XL5;
				INFOPLIST_FILE = FlixTests/Info.plist;
				LD_RUNPATH_SEARCH_PATHS = (
					"$(inherited)",
					"@executable_path/Frameworks",
					"@loader_path/Frameworks",
				);
				PRODUCT_BUNDLE_IDENTIFIER = com.taylorka.FlixTests;
				PRODUCT_NAME = "$(TARGET_NAME)";
				TARGETED_DEVICE_FAMILY = "1,2";
				TEST_HOST = "$(BUILT_PRODUCTS_DIR)/Flix.app/Flix";
			};
			name = Debug;
		};
		B6AE842322C3EA9400ECCABD /* Release */ = {
			isa = XCBuildConfiguration;
			baseConfigurationReference = 927AC744C58EB9DC0B794051 /* Pods-FlixTests.release.xcconfig */;
			buildSettings = {
				BUNDLE_LOADER = "$(TEST_HOST)";
				CODE_SIGN_STYLE = Automatic;
				DEVELOPMENT_TEAM = N84J598XL5;
				INFOPLIST_FILE = FlixTests/Info.plist;
				LD_RUNPATH_SEARCH_PATHS = (
					"$(inherited)",
					"@executable_path/Frameworks",
					"@loader_path/Frameworks",
				);
				PRODUCT_BUNDLE_IDENTIFIER = com.taylorka.FlixTests;
				PRODUCT_NAME = "$(TARGET_NAME)";
				TARGETED_DEVICE_FAMILY = "1,2";
				TEST_HOST = "$(BUILT_PRODUCTS_DIR)/Flix.app/Flix";
			};
			name = Release;
		};
		B6AE842522C3EA9400ECCABD /* Debug */ = {
			isa = XCBuildConfiguration;
			baseConfigurationReference = 8703C6D5F1C2A46FECA58AF0 /* Pods-FlixUITests.debug.xcconfig */;
			buildSettings = {
				CODE_SIGN_STYLE = Automatic;
				DEVELOPMENT_TEAM = N84J598XL5;
				INFOPLIST_FILE = FlixUITests/Info.plist;
				LD_RUNPATH_SEARCH_PATHS = (
					"$(inherited)",
					"@executable_path/Frameworks",
					"@loader_path/Frameworks",
				);
				PRODUCT_BUNDLE_IDENTIFIER = com.taylorka.FlixUITests;
				PRODUCT_NAME = "$(TARGET_NAME)";
				TARGETED_DEVICE_FAMILY = "1,2";
				TEST_TARGET_NAME = Flix;
			};
			name = Debug;
		};
		B6AE842622C3EA9400ECCABD /* Release */ = {
			isa = XCBuildConfiguration;
			baseConfigurationReference = C1027EDC41F356BE2E34A4EA /* Pods-FlixUITests.release.xcconfig */;
			buildSettings = {
				CODE_SIGN_STYLE = Automatic;
				DEVELOPMENT_TEAM = N84J598XL5;
				INFOPLIST_FILE = FlixUITests/Info.plist;
				LD_RUNPATH_SEARCH_PATHS = (
					"$(inherited)",
					"@executable_path/Frameworks",
					"@loader_path/Frameworks",
				);
				PRODUCT_BUNDLE_IDENTIFIER = com.taylorka.FlixUITests;
				PRODUCT_NAME = "$(TARGET_NAME)";
				TARGETED_DEVICE_FAMILY = "1,2";
				TEST_TARGET_NAME = Flix;
			};
			name = Release;
		};
/* End XCBuildConfiguration section */

/* Begin XCConfigurationList section */
		B6AE83ED22C3EA9300ECCABD /* Build configuration list for PBXProject "Flix" */ = {
			isa = XCConfigurationList;
			buildConfigurations = (
				B6AE841C22C3EA9400ECCABD /* Debug */,
				B6AE841D22C3EA9400ECCABD /* Release */,
			);
			defaultConfigurationIsVisible = 0;
			defaultConfigurationName = Release;
		};
		B6AE841E22C3EA9400ECCABD /* Build configuration list for PBXNativeTarget "Flix" */ = {
			isa = XCConfigurationList;
			buildConfigurations = (
				B6AE841F22C3EA9400ECCABD /* Debug */,
				B6AE842022C3EA9400ECCABD /* Release */,
			);
			defaultConfigurationIsVisible = 0;
			defaultConfigurationName = Release;
		};
		B6AE842122C3EA9400ECCABD /* Build configuration list for PBXNativeTarget "FlixTests" */ = {
			isa = XCConfigurationList;
			buildConfigurations = (
				B6AE842222C3EA9400ECCABD /* Debug */,
				B6AE842322C3EA9400ECCABD /* Release */,
			);
			defaultConfigurationIsVisible = 0;
			defaultConfigurationName = Release;
		};
		B6AE842422C3EA9400ECCABD /* Build configuration list for PBXNativeTarget "FlixUITests" */ = {
			isa = XCConfigurationList;
			buildConfigurations = (
				B6AE842522C3EA9400ECCABD /* Debug */,
				B6AE842622C3EA9400ECCABD /* Release */,
			);
			defaultConfigurationIsVisible = 0;
			defaultConfigurationName = Release;
		};
/* End XCConfigurationList section */
	};
	rootObject = B6AE83EA22C3EA9300ECCABD /* Project object */;
}
